// !$*UTF8*$!
{
	archiveVersion = 1;
	classes = {
	};
	objectVersion = 46;
	objects = {

/* Begin PBXBuildFile section */
		68299DD71DAB3E3600AA5469 /* YMNetworkTool.swift in Sources */ = {isa = PBXBuildFile; fileRef = 68299DD61DAB3E3600AA5469 /* YMNetworkTool.swift */; };
		68299DDA1DAB429300AA5469 /* YMHomeTopTitle.swift in Sources */ = {isa = PBXBuildFile; fileRef = 68299DD91DAB429300AA5469 /* YMHomeTopTitle.swift */; };
		68299DDC1DAB465500AA5469 /* YMNewsTopic.swift in Sources */ = {isa = PBXBuildFile; fileRef = 68299DDB1DAB465500AA5469 /* YMNewsTopic.swift */; };
		68299DDF1DAB476C00AA5469 /* NSString+Extension.swift in Sources */ = {isa = PBXBuildFile; fileRef = 68299DDE1DAB476C00AA5469 /* NSString+Extension.swift */; };
		68299DE41DAB524000AA5469 /* UIImage+Extendion.swift in Sources */ = {isa = PBXBuildFile; fileRef = 68299DE01DAB524000AA5469 /* UIImage+Extendion.swift */; };
		68299DE51DAB524000AA5469 /* UIImageView+Extension.swift in Sources */ = {isa = PBXBuildFile; fileRef = 68299DE11DAB524000AA5469 /* UIImageView+Extension.swift */; };
		68299DE61DAB524000AA5469 /* UITableView+Extension.swift in Sources */ = {isa = PBXBuildFile; fileRef = 68299DE21DAB524000AA5469 /* UITableView+Extension.swift */; };
		68299DE71DAB524000AA5469 /* UIView+Extension.swift in Sources */ = {isa = PBXBuildFile; fileRef = 68299DE31DAB524000AA5469 /* UIView+Extension.swift */; };
		68299DE91DAB527000AA5469 /* YMHomeShare.swift in Sources */ = {isa = PBXBuildFile; fileRef = 68299DE81DAB527000AA5469 /* YMHomeShare.swift */; };
		68299DEB1DAB53DB00AA5469 /* YMPopViewAnimator.swift in Sources */ = {isa = PBXBuildFile; fileRef = 68299DEA1DAB53DB00AA5469 /* YMPopViewAnimator.swift */; };
		68299DEF1DAB55AF00AA5469 /* YMPopPresentationController.swift in Sources */ = {isa = PBXBuildFile; fileRef = 68299DEE1DAB55AF00AA5469 /* YMPopPresentationController.swift */; };
		68299DF41DAB676200AA5469 /* YMMediaEntry.swift in Sources */ = {isa = PBXBuildFile; fileRef = 68299DF21DAB676200AA5469 /* YMMediaEntry.swift */; };
		68299DF51DAB676200AA5469 /* YMVideoTopTitle.swift in Sources */ = {isa = PBXBuildFile; fileRef = 68299DF31DAB676200AA5469 /* YMVideoTopTitle.swift */; };
		68299DFA1DAB67AD00AA5469 /* YMConcern.swift in Sources */ = {isa = PBXBuildFile; fileRef = 68299DF81DAB67AD00AA5469 /* YMConcern.swift */; };
		68299DFB1DAB67AD00AA5469 /* YMKeyword.swift in Sources */ = {isa = PBXBuildFile; fileRef = 68299DF91DAB67AD00AA5469 /* YMKeyword.swift */; };
		68299DFE1DAB682400AA5469 /* YMBaseViewController.swift in Sources */ = {isa = PBXBuildFile; fileRef = 68299DFD1DAB682400AA5469 /* YMBaseViewController.swift */; };
		68299E001DAB68C900AA5469 /* YMNavigationController.swift in Sources */ = {isa = PBXBuildFile; fileRef = 68299DFF1DAB68C900AA5469 /* YMNavigationController.swift */; };
		68299E021DAB6A7C00AA5469 /* YMTabBarController.swift in Sources */ = {isa = PBXBuildFile; fileRef = 68299E011DAB6A7C00AA5469 /* YMTabBarController.swift */; };
		682BD6761DA8DB350068F8DE /* AppDelegate.swift in Sources */ = {isa = PBXBuildFile; fileRef = 682BD6751DA8DB350068F8DE /* AppDelegate.swift */; };
		682BD6781DA8DB350068F8DE /* ViewController.swift in Sources */ = {isa = PBXBuildFile; fileRef = 682BD6771DA8DB350068F8DE /* ViewController.swift */; };
		682BD67B1DA8DB350068F8DE /* Main.storyboard in Resources */ = {isa = PBXBuildFile; fileRef = 682BD6791DA8DB350068F8DE /* Main.storyboard */; };
		682BD67D1DA8DB350068F8DE /* Assets.xcassets in Resources */ = {isa = PBXBuildFile; fileRef = 682BD67C1DA8DB350068F8DE /* Assets.xcassets */; };
		682BD6801DA8DB350068F8DE /* LaunchScreen.storyboard in Resources */ = {isa = PBXBuildFile; fileRef = 682BD67E1DA8DB350068F8DE /* LaunchScreen.storyboard */; };
		682BD68B1DA8DB350068F8DE /* TodayNewsTestTests.swift in Sources */ = {isa = PBXBuildFile; fileRef = 682BD68A1DA8DB350068F8DE /* TodayNewsTestTests.swift */; };
		682BD6961DA8DB350068F8DE /* TodayNewsTestUITests.swift in Sources */ = {isa = PBXBuildFile; fileRef = 682BD6951DA8DB350068F8DE /* TodayNewsTestUITests.swift */; };
		683FED8F1DAB2B8D00C4106B /* YMConst.swift in Sources */ = {isa = PBXBuildFile; fileRef = 683FED8E1DAB2B8D00C4106B /* YMConst.swift */; };
		C5166E2905D79B985536325E /* Pods_TodayNewsTest.framework in Frameworks */ = {isa = PBXBuildFile; fileRef = 5B722911EFA76BB67155A50B /* Pods_TodayNewsTest.framework */; };
/* End PBXBuildFile section */

/* Begin PBXContainerItemProxy section */
		682BD6871DA8DB350068F8DE /* PBXContainerItemProxy */ = {
			isa = PBXContainerItemProxy;
			containerPortal = 682BD66A1DA8DB350068F8DE /* Project object */;
			proxyType = 1;
			remoteGlobalIDString = 682BD6711DA8DB350068F8DE;
			remoteInfo = TodayNewsTest;
		};
		682BD6921DA8DB350068F8DE /* PBXContainerItemProxy */ = {
			isa = PBXContainerItemProxy;
			containerPortal = 682BD66A1DA8DB350068F8DE /* Project object */;
			proxyType = 1;
			remoteGlobalIDString = 682BD6711DA8DB350068F8DE;
			remoteInfo = TodayNewsTest;
		};
/* End PBXContainerItemProxy section */

/* Begin PBXFileReference section */
		5B722911EFA76BB67155A50B /* Pods_TodayNewsTest.framework */ = {isa = PBXFileReference; explicitFileType = wrapper.framework; includeInIndex = 0; path = Pods_TodayNewsTest.framework; sourceTree = BUILT_PRODUCTS_DIR; };
		68299DD61DAB3E3600AA5469 /* YMNetworkTool.swift */ = {isa = PBXFileReference; fileEncoding = 4; lastKnownFileType = sourcecode.swift; path = YMNetworkTool.swift; sourceTree = "<group>"; };
		68299DD91DAB429300AA5469 /* YMHomeTopTitle.swift */ = {isa = PBXFileReference; fileEncoding = 4; lastKnownFileType = sourcecode.swift; path = YMHomeTopTitle.swift; sourceTree = "<group>"; };
		68299DDB1DAB465500AA5469 /* YMNewsTopic.swift */ = {isa = PBXFileReference; fileEncoding = 4; lastKnownFileType = sourcecode.swift; path = YMNewsTopic.swift; sourceTree = "<group>"; };
		68299DDE1DAB476C00AA5469 /* NSString+Extension.swift */ = {isa = PBXFileReference; fileEncoding = 4; lastKnownFileType = sourcecode.swift; path = "NSString+Extension.swift"; sourceTree = "<group>"; };
		68299DE01DAB524000AA5469 /* UIImage+Extendion.swift */ = {isa = PBXFileReference; fileEncoding = 4; lastKnownFileType = sourcecode.swift; path = "UIImage+Extendion.swift"; sourceTree = "<group>"; };
		68299DE11DAB524000AA5469 /* UIImageView+Extension.swift */ = {isa = PBXFileReference; fileEncoding = 4; lastKnownFileType = sourcecode.swift; path = "UIImageView+Extension.swift"; sourceTree = "<group>"; };
		68299DE21DAB524000AA5469 /* UITableView+Extension.swift */ = {isa = PBXFileReference; fileEncoding = 4; lastKnownFileType = sourcecode.swift; path = "UITableView+Extension.swift"; sourceTree = "<group>"; };
		68299DE31DAB524000AA5469 /* UIView+Extension.swift */ = {isa = PBXFileReference; fileEncoding = 4; lastKnownFileType = sourcecode.swift; path = "UIView+Extension.swift"; sourceTree = "<group>"; };
		68299DE81DAB527000AA5469 /* YMHomeShare.swift */ = {isa = PBXFileReference; fileEncoding = 4; lastKnownFileType = sourcecode.swift; path = YMHomeShare.swift; sourceTree = "<group>"; };
		68299DEA1DAB53DB00AA5469 /* YMPopViewAnimator.swift */ = {isa = PBXFileReference; fileEncoding = 4; lastKnownFileType = sourcecode.swift; path = YMPopViewAnimator.swift; sourceTree = "<group>"; };
		68299DEE1DAB55AF00AA5469 /* YMPopPresentationController.swift */ = {isa = PBXFileReference; fileEncoding = 4; lastKnownFileType = sourcecode.swift; path = YMPopPresentationController.swift; sourceTree = "<group>"; };
		68299DF21DAB676200AA5469 /* YMMediaEntry.swift */ = {isa = PBXFileReference; fileEncoding = 4; lastKnownFileType = sourcecode.swift; path = YMMediaEntry.swift; sourceTree = "<group>"; };
		68299DF31DAB676200AA5469 /* YMVideoTopTitle.swift */ = {isa = PBXFileReference; fileEncoding = 4; lastKnownFileType = sourcecode.swift; path = YMVideoTopTitle.swift; sourceTree = "<group>"; };
		68299DF81DAB67AD00AA5469 /* YMConcern.swift */ = {isa = PBXFileReference; fileEncoding = 4; lastKnownFileType = sourcecode.swift; path = YMConcern.swift; sourceTree = "<group>"; };
		68299DF91DAB67AD00AA5469 /* YMKeyword.swift */ = {isa = PBXFileReference; fileEncoding = 4; lastKnownFileType = sourcecode.swift; path = YMKeyword.swift; sourceTree = "<group>"; };
		68299DFD1DAB682400AA5469 /* YMBaseViewController.swift */ = {isa = PBXFileReference; fileEncoding = 4; lastKnownFileType = sourcecode.swift; path = YMBaseViewController.swift; sourceTree = "<group>"; };
		68299DFF1DAB68C900AA5469 /* YMNavigationController.swift */ = {isa = PBXFileReference; fileEncoding = 4; lastKnownFileType = sourcecode.swift; path = YMNavigationController.swift; sourceTree = "<group>"; };
		68299E011DAB6A7C00AA5469 /* YMTabBarController.swift */ = {isa = PBXFileReference; fileEncoding = 4; lastKnownFileType = sourcecode.swift; path = YMTabBarController.swift; sourceTree = "<group>"; };
		682BD6721DA8DB350068F8DE /* TodayNewsTest.app */ = {isa = PBXFileReference; explicitFileType = wrapper.application; includeInIndex = 0; path = TodayNewsTest.app; sourceTree = BUILT_PRODUCTS_DIR; };
		682BD6751DA8DB350068F8DE /* AppDelegate.swift */ = {isa = PBXFileReference; lastKnownFileType = sourcecode.swift; path = AppDelegate.swift; sourceTree = "<group>"; };
		682BD6771DA8DB350068F8DE /* ViewController.swift */ = {isa = PBXFileReference; lastKnownFileType = sourcecode.swift; path = ViewController.swift; sourceTree = "<group>"; };
		682BD67A1DA8DB350068F8DE /* Base */ = {isa = PBXFileReference; lastKnownFileType = file.storyboard; name = Base; path = Base.lproj/Main.storyboard; sourceTree = "<group>"; };
		682BD67C1DA8DB350068F8DE /* Assets.xcassets */ = {isa = PBXFileReference; lastKnownFileType = folder.assetcatalog; path = Assets.xcassets; sourceTree = "<group>"; };
		682BD67F1DA8DB350068F8DE /* Base */ = {isa = PBXFileReference; lastKnownFileType = file.storyboard; name = Base; path = Base.lproj/LaunchScreen.storyboard; sourceTree = "<group>"; };
		682BD6811DA8DB350068F8DE /* Info.plist */ = {isa = PBXFileReference; lastKnownFileType = text.plist.xml; path = Info.plist; sourceTree = "<group>"; };
		682BD6861DA8DB350068F8DE /* TodayNewsTestTests.xctest */ = {isa = PBXFileReference; explicitFileType = wrapper.cfbundle; includeInIndex = 0; path = TodayNewsTestTests.xctest; sourceTree = BUILT_PRODUCTS_DIR; };
		682BD68A1DA8DB350068F8DE /* TodayNewsTestTests.swift */ = {isa = PBXFileReference; lastKnownFileType = sourcecode.swift; path = TodayNewsTestTests.swift; sourceTree = "<group>"; };
		682BD68C1DA8DB350068F8DE /* Info.plist */ = {isa = PBXFileReference; lastKnownFileType = text.plist.xml; path = Info.plist; sourceTree = "<group>"; };
		682BD6911DA8DB350068F8DE /* TodayNewsTestUITests.xctest */ = {isa = PBXFileReference; explicitFileType = wrapper.cfbundle; includeInIndex = 0; path = TodayNewsTestUITests.xctest; sourceTree = BUILT_PRODUCTS_DIR; };
		682BD6951DA8DB350068F8DE /* TodayNewsTestUITests.swift */ = {isa = PBXFileReference; lastKnownFileType = sourcecode.swift; path = TodayNewsTestUITests.swift; sourceTree = "<group>"; };
		682BD6971DA8DB350068F8DE /* Info.plist */ = {isa = PBXFileReference; lastKnownFileType = text.plist.xml; path = Info.plist; sourceTree = "<group>"; };
		683FED8E1DAB2B8D00C4106B /* YMConst.swift */ = {isa = PBXFileReference; fileEncoding = 4; lastKnownFileType = sourcecode.swift; path = YMConst.swift; sourceTree = "<group>"; };
		73B3557AB6E4D7E962FAAB65 /* Pods-TodayNewsTest.release.xcconfig */ = {isa = PBXFileReference; includeInIndex = 1; lastKnownFileType = text.xcconfig; name = "Pods-TodayNewsTest.release.xcconfig"; path = "Pods/Target Support Files/Pods-TodayNewsTest/Pods-TodayNewsTest.release.xcconfig"; sourceTree = "<group>"; };
		BB211C43012C142B1EB382CE /* Pods-TodayNewsTest.debug.xcconfig */ = {isa = PBXFileReference; includeInIndex = 1; lastKnownFileType = text.xcconfig; name = "Pods-TodayNewsTest.debug.xcconfig"; path = "Pods/Target Support Files/Pods-TodayNewsTest/Pods-TodayNewsTest.debug.xcconfig"; sourceTree = "<group>"; };
/* End PBXFileReference section */

/* Begin PBXFrameworksBuildPhase section */
		682BD66F1DA8DB350068F8DE /* Frameworks */ = {
			isa = PBXFrameworksBuildPhase;
			buildActionMask = 2147483647;
			files = (
				C5166E2905D79B985536325E /* Pods_TodayNewsTest.framework in Frameworks */,
			);
			runOnlyForDeploymentPostprocessing = 0;
		};
		682BD6831DA8DB350068F8DE /* Frameworks */ = {
			isa = PBXFrameworksBuildPhase;
			buildActionMask = 2147483647;
			files = (
			);
			runOnlyForDeploymentPostprocessing = 0;
		};
		682BD68E1DA8DB350068F8DE /* Frameworks */ = {
			isa = PBXFrameworksBuildPhase;
			buildActionMask = 2147483647;
			files = (
			);
			runOnlyForDeploymentPostprocessing = 0;
		};
/* End PBXFrameworksBuildPhase section */

/* Begin PBXGroup section */
		454A3AB29A9D75B77D4ACF8F /* Frameworks */ = {
			isa = PBXGroup;
			children = (
				5B722911EFA76BB67155A50B /* Pods_TodayNewsTest.framework */,
			);
			name = Frameworks;
			sourceTree = "<group>";
		};
		538C66C68DF0EA78707AE557 /* Pods */ = {
			isa = PBXGroup;
			children = (
				BB211C43012C142B1EB382CE /* Pods-TodayNewsTest.debug.xcconfig */,
				73B3557AB6E4D7E962FAAB65 /* Pods-TodayNewsTest.release.xcconfig */,
			);
			name = Pods;
			sourceTree = "<group>";
		};
		68299DD81DAB425C00AA5469 /* Home(首页) */ = {
			isa = PBXGroup;
			children = (
				68299DEC1DAB557D00AA5469 /* Controller */,
				68299DED1DAB558D00AA5469 /* Model */,
			);
			name = "Home(首页)";
			sourceTree = "<group>";
		};
		68299DDD1DAB472700AA5469 /* Category */ = {
			isa = PBXGroup;
			children = (
				68299DE01DAB524000AA5469 /* UIImage+Extendion.swift */,
				68299DE11DAB524000AA5469 /* UIImageView+Extension.swift */,
				68299DE21DAB524000AA5469 /* UITableView+Extension.swift */,
				68299DE31DAB524000AA5469 /* UIView+Extension.swift */,
				68299DDE1DAB476C00AA5469 /* NSString+Extension.swift */,
			);
			name = Category;
			sourceTree = "<group>";
		};
		68299DEC1DAB557D00AA5469 /* Controller */ = {
			isa = PBXGroup;
			children = (
				68299DEE1DAB55AF00AA5469 /* YMPopPresentationController.swift */,
			);
			name = Controller;
			sourceTree = "<group>";
		};
		68299DED1DAB558D00AA5469 /* Model */ = {
			isa = PBXGroup;
			children = (
				68299DD91DAB429300AA5469 /* YMHomeTopTitle.swift */,
				68299DDB1DAB465500AA5469 /* YMNewsTopic.swift */,
				68299DE81DAB527000AA5469 /* YMHomeShare.swift */,
				68299DEA1DAB53DB00AA5469 /* YMPopViewAnimator.swift */,
			);
			name = Model;
			sourceTree = "<group>";
		};
		68299DF01DAB673E00AA5469 /* Video(视频) */ = {
			isa = PBXGroup;
			children = (
				68299DF11DAB675100AA5469 /* Model */,
			);
			name = "Video(视频)";
			sourceTree = "<group>";
		};
		68299DF11DAB675100AA5469 /* Model */ = {
			isa = PBXGroup;
			children = (
				68299DF21DAB676200AA5469 /* YMMediaEntry.swift */,
				68299DF31DAB676200AA5469 /* YMVideoTopTitle.swift */,
			);
			name = Model;
			sourceTree = "<group>";
		};
		68299DF61DAB677500AA5469 /* NewCare(关心) */ = {
			isa = PBXGroup;
			children = (
				68299DF71DAB679D00AA5469 /* Model */,
			);
			name = "NewCare(关心)";
			sourceTree = "<group>";
		};
		68299DF71DAB679D00AA5469 /* Model */ = {
			isa = PBXGroup;
			children = (
				68299DF81DAB67AD00AA5469 /* YMConcern.swift */,
				68299DF91DAB67AD00AA5469 /* YMKeyword.swift */,
			);
			name = Model;
			sourceTree = "<group>";
		};
		68299DFC1DAB67E900AA5469 /* Controller */ = {
			isa = PBXGroup;
			children = (
				68299DFD1DAB682400AA5469 /* YMBaseViewController.swift */,
				68299DFF1DAB68C900AA5469 /* YMNavigationController.swift */,
				68299E011DAB6A7C00AA5469 /* YMTabBarController.swift */,
			);
			name = Controller;
			sourceTree = "<group>";
		};
		682BD6691DA8DB350068F8DE = {
			isa = PBXGroup;
			children = (
				682BD6741DA8DB350068F8DE /* TodayNewsTest */,
				682BD6891DA8DB350068F8DE /* TodayNewsTestTests */,
				682BD6941DA8DB350068F8DE /* TodayNewsTestUITests */,
				682BD6731DA8DB350068F8DE /* Products */,
				538C66C68DF0EA78707AE557 /* Pods */,
				454A3AB29A9D75B77D4ACF8F /* Frameworks */,
			);
			sourceTree = "<group>";
		};
		682BD6731DA8DB350068F8DE /* Products */ = {
			isa = PBXGroup;
			children = (
				682BD6721DA8DB350068F8DE /* TodayNewsTest.app */,
				682BD6861DA8DB350068F8DE /* TodayNewsTestTests.xctest */,
				682BD6911DA8DB350068F8DE /* TodayNewsTestUITests.xctest */,
			);
			name = Products;
			sourceTree = "<group>";
		};
		682BD6741DA8DB350068F8DE /* TodayNewsTest */ = {
			isa = PBXGroup;
			children = (
				68299DD81DAB425C00AA5469 /* Home(首页) */,
				68299DF01DAB673E00AA5469 /* Video(视频) */,
				68299DF61DAB677500AA5469 /* NewCare(关心) */,
				683FED8C1DAB2B1C00C4106B /* Main(主要) */,
				682BD67C1DA8DB350068F8DE /* Assets.xcassets */,
			);
			path = TodayNewsTest;
			sourceTree = "<group>";
		};
		682BD6891DA8DB350068F8DE /* TodayNewsTestTests */ = {
			isa = PBXGroup;
			children = (
				682BD68A1DA8DB350068F8DE /* TodayNewsTestTests.swift */,
				682BD68C1DA8DB350068F8DE /* Info.plist */,
			);
			path = TodayNewsTestTests;
			sourceTree = "<group>";
		};
		682BD6941DA8DB350068F8DE /* TodayNewsTestUITests */ = {
			isa = PBXGroup;
			children = (
				682BD6951DA8DB350068F8DE /* TodayNewsTestUITests.swift */,
				682BD6971DA8DB350068F8DE /* Info.plist */,
			);
			path = TodayNewsTestUITests;
			sourceTree = "<group>";
		};
		683FED8C1DAB2B1C00C4106B /* Main(主要) */ = {
			isa = PBXGroup;
			children = (
				68299DFC1DAB67E900AA5469 /* Controller */,
				68299DDD1DAB472700AA5469 /* Category */,
				683FED8D1DAB2B7300C4106B /* Tools */,
				682BD6751DA8DB350068F8DE /* AppDelegate.swift */,
				682BD6771DA8DB350068F8DE /* ViewController.swift */,
				682BD6791DA8DB350068F8DE /* Main.storyboard */,
				682BD67E1DA8DB350068F8DE /* LaunchScreen.storyboard */,
				682BD6811DA8DB350068F8DE /* Info.plist */,
			);
			name = "Main(主要)";
			sourceTree = "<group>";
		};
		683FED8D1DAB2B7300C4106B /* Tools */ = {
			isa = PBXGroup;
			children = (
				683FED8E1DAB2B8D00C4106B /* YMConst.swift */,
				68299DD61DAB3E3600AA5469 /* YMNetworkTool.swift */,
			);
			name = Tools;
			sourceTree = "<group>";
		};
/* End PBXGroup section */

/* Begin PBXNativeTarget section */
		682BD6711DA8DB350068F8DE /* TodayNewsTest */ = {
			isa = PBXNativeTarget;
			buildConfigurationList = 682BD69A1DA8DB350068F8DE /* Build configuration list for PBXNativeTarget "TodayNewsTest" */;
			buildPhases = (
				6FFD6DE5984D02A9FFA214BE /* Check Pods Manifest.lock */,
				682BD66E1DA8DB350068F8DE /* Sources */,
				682BD66F1DA8DB350068F8DE /* Frameworks */,
				682BD6701DA8DB350068F8DE /* Resources */,
				EC44F8BD9461A340025F1C89 /* Embed Pods Frameworks */,
				53DC97D189A7879D4A363B67 /* Copy Pods Resources */,
			);
			buildRules = (
			);
			dependencies = (
			);
			name = TodayNewsTest;
			productName = TodayNewsTest;
			productReference = 682BD6721DA8DB350068F8DE /* TodayNewsTest.app */;
			productType = "com.apple.product-type.application";
		};
		682BD6851DA8DB350068F8DE /* TodayNewsTestTests */ = {
			isa = PBXNativeTarget;
			buildConfigurationList = 682BD69D1DA8DB350068F8DE /* Build configuration list for PBXNativeTarget "TodayNewsTestTests" */;
			buildPhases = (
				682BD6821DA8DB350068F8DE /* Sources */,
				682BD6831DA8DB350068F8DE /* Frameworks */,
				682BD6841DA8DB350068F8DE /* Resources */,
			);
			buildRules = (
			);
			dependencies = (
				682BD6881DA8DB350068F8DE /* PBXTargetDependency */,
			);
			name = TodayNewsTestTests;
			productName = TodayNewsTestTests;
			productReference = 682BD6861DA8DB350068F8DE /* TodayNewsTestTests.xctest */;
			productType = "com.apple.product-type.bundle.unit-test";
		};
		682BD6901DA8DB350068F8DE /* TodayNewsTestUITests */ = {
			isa = PBXNativeTarget;
			buildConfigurationList = 682BD6A01DA8DB350068F8DE /* Build configuration list for PBXNativeTarget "TodayNewsTestUITests" */;
			buildPhases = (
				682BD68D1DA8DB350068F8DE /* Sources */,
				682BD68E1DA8DB350068F8DE /* Frameworks */,
				682BD68F1DA8DB350068F8DE /* Resources */,
			);
			buildRules = (
			);
			dependencies = (
				682BD6931DA8DB350068F8DE /* PBXTargetDependency */,
			);
			name = TodayNewsTestUITests;
			productName = TodayNewsTestUITests;
			productReference = 682BD6911DA8DB350068F8DE /* TodayNewsTestUITests.xctest */;
			productType = "com.apple.product-type.bundle.ui-testing";
		};
/* End PBXNativeTarget section */

/* Begin PBXProject section */
		682BD66A1DA8DB350068F8DE /* Project object */ = {
			isa = PBXProject;
			attributes = {
				LastSwiftUpdateCheck = 0730;
				LastUpgradeCheck = 0730;
				ORGANIZATIONNAME = lanhe;
				TargetAttributes = {
					682BD6711DA8DB350068F8DE = {
						CreatedOnToolsVersion = 7.3.1;
					};
					682BD6851DA8DB350068F8DE = {
						CreatedOnToolsVersion = 7.3.1;
						TestTargetID = 682BD6711DA8DB350068F8DE;
					};
					682BD6901DA8DB350068F8DE = {
						CreatedOnToolsVersion = 7.3.1;
						TestTargetID = 682BD6711DA8DB350068F8DE;
					};
				};
			};
			buildConfigurationList = 682BD66D1DA8DB350068F8DE /* Build configuration list for PBXProject "TodayNewsTest" */;
			compatibilityVersion = "Xcode 3.2";
			developmentRegion = English;
			hasScannedForEncodings = 0;
			knownRegions = (
				en,
				Base,
			);
			mainGroup = 682BD6691DA8DB350068F8DE;
			productRefGroup = 682BD6731DA8DB350068F8DE /* Products */;
			projectDirPath = "";
			projectRoot = "";
			targets = (
				682BD6711DA8DB350068F8DE /* TodayNewsTest */,
				682BD6851DA8DB350068F8DE /* TodayNewsTestTests */,
				682BD6901DA8DB350068F8DE /* TodayNewsTestUITests */,
			);
		};
/* End PBXProject section */

/* Begin PBXResourcesBuildPhase section */
		682BD6701DA8DB350068F8DE /* Resources */ = {
			isa = PBXResourcesBuildPhase;
			buildActionMask = 2147483647;
			files = (
				682BD6801DA8DB350068F8DE /* LaunchScreen.storyboard in Resources */,
				682BD67D1DA8DB350068F8DE /* Assets.xcassets in Resources */,
				682BD67B1DA8DB350068F8DE /* Main.storyboard in Resources */,
			);
			runOnlyForDeploymentPostprocessing = 0;
		};
		682BD6841DA8DB350068F8DE /* Resources */ = {
			isa = PBXResourcesBuildPhase;
			buildActionMask = 2147483647;
			files = (
			);
			runOnlyForDeploymentPostprocessing = 0;
		};
		682BD68F1DA8DB350068F8DE /* Resources */ = {
			isa = PBXResourcesBuildPhase;
			buildActionMask = 2147483647;
			files = (
			);
			runOnlyForDeploymentPostprocessing = 0;
		};
/* End PBXResourcesBuildPhase section */

/* Begin PBXShellScriptBuildPhase section */
		53DC97D189A7879D4A363B67 /* Copy Pods Resources */ = {
			isa = PBXShellScriptBuildPhase;
			buildActionMask = 2147483647;
			files = (
			);
			inputPaths = (
			);
			name = "Copy Pods Resources";
			outputPaths = (
			);
			runOnlyForDeploymentPostprocessing = 0;
			shellPath = /bin/sh;
			shellScript = "\"${SRCROOT}/Pods/Target Support Files/Pods-TodayNewsTest/Pods-TodayNewsTest-resources.sh\"\n";
			showEnvVarsInLog = 0;
		};
		6FFD6DE5984D02A9FFA214BE /* Check Pods Manifest.lock */ = {
			isa = PBXShellScriptBuildPhase;
			buildActionMask = 2147483647;
			files = (
			);
			inputPaths = (
			);
			name = "Check Pods Manifest.lock";
			outputPaths = (
			);
			runOnlyForDeploymentPostprocessing = 0;
			shellPath = /bin/sh;
			shellScript = "diff \"${PODS_ROOT}/../Podfile.lock\" \"${PODS_ROOT}/Manifest.lock\" > /dev/null\nif [[ $? != 0 ]] ; then\n    cat << EOM\nerror: The sandbox is not in sync with the Podfile.lock. Run 'pod install' or update your CocoaPods installation.\nEOM\n    exit 1\nfi\n";
			showEnvVarsInLog = 0;
		};
		EC44F8BD9461A340025F1C89 /* Embed Pods Frameworks */ = {
			isa = PBXShellScriptBuildPhase;
			buildActionMask = 2147483647;
			files = (
			);
			inputPaths = (
			);
			name = "Embed Pods Frameworks";
			outputPaths = (
			);
			runOnlyForDeploymentPostprocessing = 0;
			shellPath = /bin/sh;
			shellScript = "\"${SRCROOT}/Pods/Target Support Files/Pods-TodayNewsTest/Pods-TodayNewsTest-frameworks.sh\"\n";
			showEnvVarsInLog = 0;
		};
/* End PBXShellScriptBuildPhase section */

/* Begin PBXSourcesBuildPhase section */
		682BD66E1DA8DB350068F8DE /* Sources */ = {
			isa = PBXSourcesBuildPhase;
			buildActionMask = 2147483647;
			files = (
				68299DE71DAB524000AA5469 /* UIView+Extension.swift in Sources */,
				68299DDC1DAB465500AA5469 /* YMNewsTopic.swift in Sources */,
				68299DF51DAB676200AA5469 /* YMVideoTopTitle.swift in Sources */,
				68299DDA1DAB429300AA5469 /* YMHomeTopTitle.swift in Sources */,
				68299DDF1DAB476C00AA5469 /* NSString+Extension.swift in Sources */,
				68299E001DAB68C900AA5469 /* YMNavigationController.swift in Sources */,
				68299DE51DAB524000AA5469 /* UIImageView+Extension.swift in Sources */,
				68299E021DAB6A7C00AA5469 /* YMTabBarController.swift in Sources */,
				68299DD71DAB3E3600AA5469 /* YMNetworkTool.swift in Sources */,
				68299DE41DAB524000AA5469 /* UIImage+Extendion.swift in Sources */,
				682BD6781DA8DB350068F8DE /* ViewController.swift in Sources */,
				68299DFB1DAB67AD00AA5469 /* YMKeyword.swift in Sources */,
				68299DE61DAB524000AA5469 /* UITableView+Extension.swift in Sources */,
				68299DFE1DAB682400AA5469 /* YMBaseViewController.swift in Sources */,
				68299DEF1DAB55AF00AA5469 /* YMPopPresentationController.swift in Sources */,
				68299DFA1DAB67AD00AA5469 /* YMConcern.swift in Sources */,
				68299DF41DAB676200AA5469 /* YMMediaEntry.swift in Sources */,
				683FED8F1DAB2B8D00C4106B /* YMConst.swift in Sources */,
				68299DE91DAB527000AA5469 /* YMHomeShare.swift in Sources */,
				68299DEB1DAB53DB00AA5469 /* YMPopViewAnimator.swift in Sources */,
				682BD6761DA8DB350068F8DE /* AppDelegate.swift in Sources */,
			);
			runOnlyForDeploymentPostprocessing = 0;
		};
		682BD6821DA8DB350068F8DE /* Sources */ = {
			isa = PBXSourcesBuildPhase;
			buildActionMask = 2147483647;
			files = (
				682BD68B1DA8DB350068F8DE /* TodayNewsTestTests.swift in Sources */,
			);
			runOnlyForDeploymentPostprocessing = 0;
		};
		682BD68D1DA8DB350068F8DE /* Sources */ = {
			isa = PBXSourcesBuildPhase;
			buildActionMask = 2147483647;
			files = (
				682BD6961DA8DB350068F8DE /* TodayNewsTestUITests.swift in Sources */,
			);
			runOnlyForDeploymentPostprocessing = 0;
		};
/* End PBXSourcesBuildPhase section */

/* Begin PBXTargetDependency section */
		682BD6881DA8DB350068F8DE /* PBXTargetDependency */ = {
			isa = PBXTargetDependency;
			target = 682BD6711DA8DB350068F8DE /* TodayNewsTest */;
			targetProxy = 682BD6871DA8DB350068F8DE /* PBXContainerItemProxy */;
		};
		682BD6931DA8DB350068F8DE /* PBXTargetDependency */ = {
			isa = PBXTargetDependency;
			target = 682BD6711DA8DB350068F8DE /* TodayNewsTest */;
			targetProxy = 682BD6921DA8DB350068F8DE /* PBXContainerItemProxy */;
		};
/* End PBXTargetDependency section */

/* Begin PBXVariantGroup section */
		682BD6791DA8DB350068F8DE /* Main.storyboard */ = {
			isa = PBXVariantGroup;
			children = (
				682BD67A1DA8DB350068F8DE /* Base */,
			);
			name = Main.storyboard;
			sourceTree = "<group>";
		};
		682BD67E1DA8DB350068F8DE /* LaunchScreen.storyboard */ = {
			isa = PBXVariantGroup;
			children = (
				682BD67F1DA8DB350068F8DE /* Base */,
			);
			name = LaunchScreen.storyboard;
			sourceTree = "<group>";
		};
/* End PBXVariantGroup section */

/* Begin XCBuildConfiguration section */
		682BD6981DA8DB350068F8DE /* Debug */ = {
			isa = XCBuildConfiguration;
			buildSettings = {
				ALWAYS_SEARCH_USER_PATHS = NO;
				CLANG_ANALYZER_NONNULL = YES;
				CLANG_CXX_LANGUAGE_STANDARD = "gnu++0x";
				CLANG_CXX_LIBRARY = "libc++";
				CLANG_ENABLE_MODULES = YES;
				CLANG_ENABLE_OBJC_ARC = YES;
				CLANG_WARN_BOOL_CONVERSION = YES;
				CLANG_WARN_CONSTANT_CONVERSION = YES;
				CLANG_WARN_DIRECT_OBJC_ISA_USAGE = YES_ERROR;
				CLANG_WARN_EMPTY_BODY = YES;
				CLANG_WARN_ENUM_CONVERSION = YES;
				CLANG_WARN_INT_CONVERSION = YES;
				CLANG_WARN_OBJC_ROOT_CLASS = YES_ERROR;
				CLANG_WARN_UNREACHABLE_CODE = YES;
				CLANG_WARN__DUPLICATE_METHOD_MATCH = YES;
				"CODE_SIGN_IDENTITY[sdk=iphoneos*]" = "iPhone Developer";
				COPY_PHASE_STRIP = NO;
				DEBUG_INFORMATION_FORMAT = dwarf;
				ENABLE_STRICT_OBJC_MSGSEND = YES;
				ENABLE_TESTABILITY = YES;
				GCC_C_LANGUAGE_STANDARD = gnu99;
				GCC_DYNAMIC_NO_PIC = NO;
				GCC_NO_COMMON_BLOCKS = YES;
				GCC_OPTIMIZATION_LEVEL = 0;
				GCC_PREPROCESSOR_DEFINITIONS = (
					"DEBUG=1",
					"$(inherited)",
				);
				GCC_WARN_64_TO_32_BIT_CONVERSION = YES;
				GCC_WARN_ABOUT_RETURN_TYPE = YES_ERROR;
				GCC_WARN_UNDECLARED_SELECTOR = YES;
				GCC_WARN_UNINITIALIZED_AUTOS = YES_AGGRESSIVE;
				GCC_WARN_UNUSED_FUNCTION = YES;
				GCC_WARN_UNUSED_VARIABLE = YES;
				IPHONEOS_DEPLOYMENT_TARGET = 9.3;
				MTL_ENABLE_DEBUG_INFO = YES;
				ONLY_ACTIVE_ARCH = YES;
				SDKROOT = iphoneos;
				SWIFT_OPTIMIZATION_LEVEL = "-Onone";
			};
			name = Debug;
		};
		682BD6991DA8DB350068F8DE /* Release */ = {
			isa = XCBuildConfiguration;
			buildSettings = {
				ALWAYS_SEARCH_USER_PATHS = NO;
				CLANG_ANALYZER_NONNULL = YES;
				CLANG_CXX_LANGUAGE_STANDARD = "gnu++0x";
				CLANG_CXX_LIBRARY = "libc++";
				CLANG_ENABLE_MODULES = YES;
				CLANG_ENABLE_OBJC_ARC = YES;
				CLANG_WARN_BOOL_CONVERSION = YES;
				CLANG_WARN_CONSTANT_CONVERSION = YES;
				CLANG_WARN_DIRECT_OBJC_ISA_USAGE = YES_ERROR;
				CLANG_WARN_EMPTY_BODY = YES;
				CLANG_WARN_ENUM_CONVERSION = YES;
				CLANG_WARN_INT_CONVERSION = YES;
				CLANG_WARN_OBJC_ROOT_CLASS = YES_ERROR;
				CLANG_WARN_UNREACHABLE_CODE = YES;
				CLANG_WARN__DUPLICATE_METHOD_MATCH = YES;
				"CODE_SIGN_IDENTITY[sdk=iphoneos*]" = "iPhone Developer";
				COPY_PHASE_STRIP = NO;
				DEBUG_INFORMATION_FORMAT = "dwarf-with-dsym";
				ENABLE_NS_ASSERTIONS = NO;
				ENABLE_STRICT_OBJC_MSGSEND = YES;
				GCC_C_LANGUAGE_STANDARD = gnu99;
				GCC_NO_COMMON_BLOCKS = YES;
				GCC_WARN_64_TO_32_BIT_CONVERSION = YES;
				GCC_WARN_ABOUT_RETURN_TYPE = YES_ERROR;
				GCC_WARN_UNDECLARED_SELECTOR = YES;
				GCC_WARN_UNINITIALIZED_AUTOS = YES_AGGRESSIVE;
				GCC_WARN_UNUSED_FUNCTION = YES;
				GCC_WARN_UNUSED_VARIABLE = YES;
				IPHONEOS_DEPLOYMENT_TARGET = 9.3;
				MTL_ENABLE_DEBUG_INFO = NO;
				SDKROOT = iphoneos;
				VALIDATE_PRODUCT = YES;
			};
			name = Release;
		};
		682BD69B1DA8DB350068F8DE /* Debug */ = {
			isa = XCBuildConfiguration;
			baseConfigurationReference = BB211C43012C142B1EB382CE /* Pods-TodayNewsTest.debug.xcconfig */;
			buildSettings = {
				ASSETCATALOG_COMPILER_APPICON_NAME = AppIcon;
				INFOPLIST_FILE = TodayNewsTest/Info.plist;
				LD_RUNPATH_SEARCH_PATHS = "$(inherited) @executable_path/Frameworks";
				PRODUCT_BUNDLE_IDENTIFIER = com.BlueCrane.TodayNewsTest;
				PRODUCT_NAME = "$(TARGET_NAME)";
			};
			name = Debug;
		};
		682BD69C1DA8DB350068F8DE /* Release */ = {
			isa = XCBuildConfiguration;
			baseConfigurationReference = 73B3557AB6E4D7E962FAAB65 /* Pods-TodayNewsTest.release.xcconfig */;
			buildSettings = {
				ASSETCATALOG_COMPILER_APPICON_NAME = AppIcon;
				INFOPLIST_FILE = TodayNewsTest/Info.plist;
				LD_RUNPATH_SEARCH_PATHS = "$(inherited) @executable_path/Frameworks";
				PRODUCT_BUNDLE_IDENTIFIER = com.BlueCrane.TodayNewsTest;
				PRODUCT_NAME = "$(TARGET_NAME)";
			};
			name = Release;
		};
		682BD69E1DA8DB350068F8DE /* Debug */ = {
			isa = XCBuildConfiguration;
			buildSettings = {
				BUNDLE_LOADER = "$(TEST_HOST)";
				INFOPLIST_FILE = TodayNewsTestTests/Info.plist;
				LD_RUNPATH_SEARCH_PATHS = "$(inherited) @executable_path/Frameworks @loader_path/Frameworks";
				PRODUCT_BUNDLE_IDENTIFIER = com.BlueCrane.TodayNewsTestTests;
				PRODUCT_NAME = "$(TARGET_NAME)";
				TEST_HOST = "$(BUILT_PRODUCTS_DIR)/TodayNewsTest.app/TodayNewsTest";
			};
			name = Debug;
		};
		682BD69F1DA8DB350068F8DE /* Release */ = {
			isa = XCBuildConfiguration;
			buildSettings = {
				BUNDLE_LOADER = "$(TEST_HOST)";
				INFOPLIST_FILE = TodayNewsTestTests/Info.plist;
				LD_RUNPATH_SEARCH_PATHS = "$(inherited) @executable_path/Frameworks @loader_path/Frameworks";
				PRODUCT_BUNDLE_IDENTIFIER = com.BlueCrane.TodayNewsTestTests;
				PRODUCT_NAME = "$(TARGET_NAME)";
				TEST_HOST = "$(BUILT_PRODUCTS_DIR)/TodayNewsTest.app/TodayNewsTest";
			};
			name = Release;
		};
		682BD6A11DA8DB350068F8DE /* Debug */ = {
			isa = XCBuildConfiguration;
			buildSettings = {
				INFOPLIST_FILE = TodayNewsTestUITests/Info.plist;
				LD_RUNPATH_SEARCH_PATHS = "$(inherited) @executable_path/Frameworks @loader_path/Frameworks";
				PRODUCT_BUNDLE_IDENTIFIER = com.BlueCrane.TodayNewsTestUITests;
				PRODUCT_NAME = "$(TARGET_NAME)";
				TEST_TARGET_NAME = TodayNewsTest;
			};
			name = Debug;
		};
		682BD6A21DA8DB350068F8DE /* Release */ = {
			isa = XCBuildConfiguration;
			buildSettings = {
				INFOPLIST_FILE = TodayNewsTestUITests/Info.plist;
				LD_RUNPATH_SEARCH_PATHS = "$(inherited) @executable_path/Frameworks @loader_path/Frameworks";
				PRODUCT_BUNDLE_IDENTIFIER = com.BlueCrane.TodayNewsTestUITests;
				PRODUCT_NAME = "$(TARGET_NAME)";
				TEST_TARGET_NAME = TodayNewsTest;
			};
			name = Release;
		};
/* End XCBuildConfiguration section */

/* Begin XCConfigurationList section */
		682BD66D1DA8DB350068F8DE /* Build configuration list for PBXProject "TodayNewsTest" */ = {
			isa = XCConfigurationList;
			buildConfigurations = (
				682BD6981DA8DB350068F8DE /* Debug */,
				682BD6991DA8DB350068F8DE /* Release */,
			);
			defaultConfigurationIsVisible = 0;
			defaultConfigurationName = Release;
		};
		682BD69A1DA8DB350068F8DE /* Build configuration list for PBXNativeTarget "TodayNewsTest" */ = {
			isa = XCConfigurationList;
			buildConfigurations = (
				682BD69B1DA8DB350068F8DE /* Debug */,
				682BD69C1DA8DB350068F8DE /* Release */,
			);
			defaultConfigurationIsVisible = 0;
			defaultConfigurationName = Release;
		};
		682BD69D1DA8DB350068F8DE /* Build configuration list for PBXNativeTarget "TodayNewsTestTests" */ = {
			isa = XCConfigurationList;
			buildConfigurations = (
				682BD69E1DA8DB350068F8DE /* Debug */,
				682BD69F1DA8DB350068F8DE /* Release */,
			);
			defaultConfigurationIsVisible = 0;
			defaultConfigurationName = Release;
		};
		682BD6A01DA8DB350068F8DE /* Build configuration list for PBXNativeTarget "TodayNewsTestUITests" */ = {
			isa = XCConfigurationList;
			buildConfigurations = (
				682BD6A11DA8DB350068F8DE /* Debug */,
				682BD6A21DA8DB350068F8DE /* Release */,
			);
			defaultConfigurationIsVisible = 0;
			defaultConfigurationName = Release;
		};
/* End XCConfigurationList section */
	};
	rootObject = 682BD66A1DA8DB350068F8DE /* Project object */;
}
